
Microsoft Visual Studio Solution File, Format Version 12.00
# Visual Studio Version 17
VisualStudioVersion = 17.7.34221.43
MinimumVisualStudioVersion = 10.0.40219.1
Project("{9A19103F-16F7-4668-BE54-9A1E7A4F7556}") = "ImageRecognizer.LogicUnit", "ImageRecognizer.LogicUnit\ImageRecognizer.LogicUnit.csproj", "{F8B1B313-0CA1-48D9-932C-5A21A9EC0EA2}"
EndProject
Project("{9A19103F-16F7-4668-BE54-9A1E7A4F7556}") = "ImageRecognizer.TestClient", "ImageRecognizer.TestClient\ImageRecognizer.TestClient.csproj", "{55A35162-2EEC-4283-904F-E3625BC6BC60}"
EndProject
Project("{9A19103F-16F7-4668-BE54-9A1E7A4F7556}") = "ImageRecognizer.Domain", "ImageRecognizer.Domain\ImageRecognizer.Domain.csproj", "{6E5CD751-BD35-4A36-8ED3-F5FA85FB5303}"
EndProject
Project("{9A19103F-16F7-4668-BE54-9A1E7A4F7556}") = "ImageRecognizer.DistributionServer", "ImageRecognizer.DistributionServer\ImageRecognizer.DistributionServer.csproj", "{D8322096-BA28-4E4C-90DE-C065E343CB6B}"
EndProject
Project("{2150E333-8FDC-42A3-9474-1A3956D46DE8}") = "Solution Items", "Solution Items", "{E0BAC813-F86D-4DDB-8AF9-6725F5460F4D}"
	ProjectSection(SolutionItems) = preProject
		.editorconfig = .editorconfig
	EndProjectSection
EndProject
Project("{9A19103F-16F7-4668-BE54-9A1E7A4F7556}") = "MLDataPrep", "MLDataPrep\MLDataPrep.csproj", "{2CEB0D96-4BA8-4F52-BCD9-2B6083111325}"
EndProject
Global
	GlobalSection(SolutionConfigurationPlatforms) = preSolution
		Debug|Any CPU = Debug|Any CPU
		Debug|x64 = Debug|x64
		Debug|x86 = Debug|x86
		Release|Any CPU = Release|Any CPU
		Release|x64 = Release|x64
		Release|x86 = Release|x86
		Test|Any CPU = Test|Any CPU
		Test|x64 = Test|x64
		Test|x86 = Test|x86
	EndGlobalSection
	GlobalSection(ProjectConfigurationPlatforms) = postSolution
		{F8B1B313-0CA1-48D9-932C-5A21A9EC0EA2}.Debug|Any CPU.ActiveCfg = Debug|Any CPU
		{F8B1B313-0CA1-48D9-932C-5A21A9EC0EA2}.Debug|Any CPU.Build.0 = Debug|Any CPU
		{F8B1B313-0CA1-48D9-932C-5A21A9EC0EA2}.Debug|x64.ActiveCfg = Debug|x64
		{F8B1B313-0CA1-48D9-932C-5A21A9EC0EA2}.Debug|x64.Build.0 = Debug|x64
		{F8B1B313-0CA1-48D9-932C-5A21A9EC0EA2}.Debug|x86.ActiveCfg = Debug|Any CPU
		{F8B1B313-0CA1-48D9-932C-5A21A9EC0EA2}.Debug|x86.Build.0 = Debug|Any CPU
		{F8B1B313-0CA1-48D9-932C-5A21A9EC0EA2}.Release|Any CPU.ActiveCfg = Release|Any CPU
		{F8B1B313-0CA1-48D9-932C-5A21A9EC0EA2}.Release|Any CPU.Build.0 = Release|Any CPU
		{F8B1B313-0CA1-48D9-932C-5A21A9EC0EA2}.Release|x64.ActiveCfg = Release|x64
		{F8B1B313-0CA1-48D9-932C-5A21A9EC0EA2}.Release|x64.Build.0 = Release|x64
		{F8B1B313-0CA1-48D9-932C-5A21A9EC0EA2}.Release|x86.ActiveCfg = Release|Any CPU
		{F8B1B313-0CA1-48D9-932C-5A21A9EC0EA2}.Release|x86.Build.0 = Release|Any CPU
		{F8B1B313-0CA1-48D9-932C-5A21A9EC0EA2}.Test|Any CPU.ActiveCfg = Test|Any CPU
		{F8B1B313-0CA1-48D9-932C-5A21A9EC0EA2}.Test|Any CPU.Build.0 = Test|Any CPU
		{F8B1B313-0CA1-48D9-932C-5A21A9EC0EA2}.Test|x64.ActiveCfg = Test|x64
		{F8B1B313-0CA1-48D9-932C-5A21A9EC0EA2}.Test|x64.Build.0 = Test|x64
		{F8B1B313-0CA1-48D9-932C-5A21A9EC0EA2}.Test|x86.ActiveCfg = Test|Any CPU
		{F8B1B313-0CA1-48D9-932C-5A21A9EC0EA2}.Test|x86.Build.0 = Test|Any CPU
		{55A35162-2EEC-4283-904F-E3625BC6BC60}.Debug|Any CPU.ActiveCfg = Debug|Any CPU
		{55A35162-2EEC-4283-904F-E3625BC6BC60}.Debug|Any CPU.Build.0 = Debug|Any CPU
		{55A35162-2EEC-4283-904F-E3625BC6BC60}.Debug|x64.ActiveCfg = Debug|Any CPU
		{55A35162-2EEC-4283-904F-E3625BC6BC60}.Debug|x64.Build.0 = Debug|Any CPU
		{55A35162-2EEC-4283-904F-E3625BC6BC60}.Debug|x86.ActiveCfg = Debug|x86
		{55A35162-2EEC-4283-904F-E3625BC6BC60}.Debug|x86.Build.0 = Debug|x86
		{55A35162-2EEC-4283-904F-E3625BC6BC60}.Release|Any CPU.ActiveCfg = Release|Any CPU
		{55A35162-2EEC-4283-904F-E3625BC6BC60}.Release|Any CPU.Build.0 = Release|Any CPU
		{55A35162-2EEC-4283-904F-E3625BC6BC60}.Release|x64.ActiveCfg = Release|Any CPU
		{55A35162-2EEC-4283-904F-E3625BC6BC60}.Release|x64.Build.0 = Release|Any CPU
		{55A35162-2EEC-4283-904F-E3625BC6BC60}.Release|x86.ActiveCfg = Release|x86
		{55A35162-2EEC-4283-904F-E3625BC6BC60}.Release|x86.Build.0 = Release|x86
		{55A35162-2EEC-4283-904F-E3625BC6BC60}.Test|Any CPU.ActiveCfg = Test|Any CPU
		{55A35162-2EEC-4283-904F-E3625BC6BC60}.Test|Any CPU.Build.0 = Test|Any CPU
		{55A35162-2EEC-4283-904F-E3625BC6BC60}.Test|x64.ActiveCfg = Test|Any CPU
		{55A35162-2EEC-4283-904F-E3625BC6BC60}.Test|x86.ActiveCfg = Test|x86
		{55A35162-2EEC-4283-904F-E3625BC6BC60}.Test|x86.Build.0 = Test|x86
		{6E5CD751-BD35-4A36-8ED3-F5FA85FB5303}.Debug|Any CPU.ActiveCfg = Debug|Any CPU
		{6E5CD751-BD35-4A36-8ED3-F5FA85FB5303}.Debug|Any CPU.Build.0 = Debug|Any CPU
		{6E5CD751-BD35-4A36-8ED3-F5FA85FB5303}.Debug|x64.ActiveCfg = Debug|x64
		{6E5CD751-BD35-4A36-8ED3-F5FA85FB5303}.Debug|x64.Build.0 = Debug|x64
		{6E5CD751-BD35-4A36-8ED3-F5FA85FB5303}.Debug|x86.ActiveCfg = Debug|x86
		{6E5CD751-BD35-4A36-8ED3-F5FA85FB5303}.Debug|x86.Build.0 = Debug|x86
		{6E5CD751-BD35-4A36-8ED3-F5FA85FB5303}.Release|Any CPU.ActiveCfg = Release|Any CPU
		{6E5CD751-BD35-4A36-8ED3-F5FA85FB5303}.Release|Any CPU.Build.0 = Release|Any CPU
		{6E5CD751-BD35-4A36-8ED3-F5FA85FB5303}.Release|x64.ActiveCfg = Release|x64
		{6E5CD751-BD35-4A36-8ED3-F5FA85FB5303}.Release|x64.Build.0 = Release|x64
		{6E5CD751-BD35-4A36-8ED3-F5FA85FB5303}.Release|x86.ActiveCfg = Release|x86
		{6E5CD751-BD35-4A36-8ED3-F5FA85FB5303}.Release|x86.Build.0 = Release|x86
		{6E5CD751-BD35-4A36-8ED3-F5FA85FB5303}.Test|Any CPU.ActiveCfg = Test|Any CPU
		{6E5CD751-BD35-4A36-8ED3-F5FA85FB5303}.Test|Any CPU.Build.0 = Test|Any CPU
		{6E5CD751-BD35-4A36-8ED3-F5FA85FB5303}.Test|x64.ActiveCfg = Test|x64
		{6E5CD751-BD35-4A36-8ED3-F5FA85FB5303}.Test|x64.Build.0 = Test|x64
		{6E5CD751-BD35-4A36-8ED3-F5FA85FB5303}.Test|x86.ActiveCfg = Test|x86
		{6E5CD751-BD35-4A36-8ED3-F5FA85FB5303}.Test|x86.Build.0 = Test|x86
		{D8322096-BA28-4E4C-90DE-C065E343CB6B}.Debug|Any CPU.ActiveCfg = Debug|Any CPU
		{D8322096-BA28-4E4C-90DE-C065E343CB6B}.Debug|Any CPU.Build.0 = Debug|Any CPU
		{D8322096-BA28-4E4C-90DE-C065E343CB6B}.Debug|x64.ActiveCfg = Debug|x64
		{D8322096-BA28-4E4C-90DE-C065E343CB6B}.Debug|x64.Build.0 = Debug|x64
		{D8322096-BA28-4E4C-90DE-C065E343CB6B}.Debug|x86.ActiveCfg = Debug|x86
		{D8322096-BA28-4E4C-90DE-C065E343CB6B}.Debug|x86.Build.0 = Debug|x86
		{D8322096-BA28-4E4C-90DE-C065E343CB6B}.Release|Any CPU.ActiveCfg = Release|Any CPU
		{D8322096-BA28-4E4C-90DE-C065E343CB6B}.Release|Any CPU.Build.0 = Release|Any CPU
		{D8322096-BA28-4E4C-90DE-C065E343CB6B}.Release|x64.ActiveCfg = Release|x64
		{D8322096-BA28-4E4C-90DE-C065E343CB6B}.Release|x64.Build.0 = Release|x64
		{D8322096-BA28-4E4C-90DE-C065E343CB6B}.Release|x86.ActiveCfg = Release|x86
		{D8322096-BA28-4E4C-90DE-C065E343CB6B}.Release|x86.Build.0 = Release|x86
		{D8322096-BA28-4E4C-90DE-C065E343CB6B}.Test|Any CPU.ActiveCfg = Test|Any CPU
		{D8322096-BA28-4E4C-90DE-C065E343CB6B}.Test|Any CPU.Build.0 = Test|Any CPU
		{D8322096-BA28-4E4C-90DE-C065E343CB6B}.Test|x64.ActiveCfg = Test|x64
		{D8322096-BA28-4E4C-90DE-C065E343CB6B}.Test|x86.ActiveCfg = Test|x86
		{D8322096-BA28-4E4C-90DE-C065E343CB6B}.Test|x86.Build.0 = Test|x86
		{2CEB0D96-4BA8-4F52-BCD9-2B6083111325}.Debug|Any CPU.ActiveCfg = Debug|Any CPU
		{2CEB0D96-4BA8-4F52-BCD9-2B6083111325}.Debug|Any CPU.Build.0 = Debug|Any CPU
		{2CEB0D96-4BA8-4F52-BCD9-2B6083111325}.Debug|x64.ActiveCfg = Debug|Any CPU
		{2CEB0D96-4BA8-4F52-BCD9-2B6083111325}.Debug|x64.Build.0 = Debug|Any CPU
		{2CEB0D96-4BA8-4F52-BCD9-2B6083111325}.Debug|x86.ActiveCfg = Debug|x86
		{2CEB0D96-4BA8-4F52-BCD9-2B6083111325}.Debug|x86.Build.0 = Debug|x86
		{2CEB0D96-4BA8-4F52-BCD9-2B6083111325}.Release|Any CPU.ActiveCfg = Release|Any CPU
		{2CEB0D96-4BA8-4F52-BCD9-2B6083111325}.Release|Any CPU.Build.0 = Release|Any CPU
		{2CEB0D96-4BA8-4F52-BCD9-2B6083111325}.Release|x64.ActiveCfg = Release|Any CPU
		{2CEB0D96-4BA8-4F52-BCD9-2B6083111325}.Release|x64.Build.0 = Release|Any CPU
		{2CEB0D96-4BA8-4F52-BCD9-2B6083111325}.Release|x86.ActiveCfg = Release|x86
		{2CEB0D96-4BA8-4F52-BCD9-2B6083111325}.Release|x86.Build.0 = Release|x86
		{2CEB0D96-4BA8-4F52-BCD9-2B6083111325}.Test|Any CPU.ActiveCfg = Test|Any CPU
		{2CEB0D96-4BA8-4F52-BCD9-2B6083111325}.Test|Any CPU.Build.0 = Test|Any CPU
		{2CEB0D96-4BA8-4F52-BCD9-2B6083111325}.Test|x64.ActiveCfg = Test|Any CPU
		{2CEB0D96-4BA8-4F52-BCD9-2B6083111325}.Test|x86.ActiveCfg = Test|x86
		{2CEB0D96-4BA8-4F52-BCD9-2B6083111325}.Test|x86.Build.0 = Test|x86
	EndGlobalSection
	GlobalSection(SolutionProperties) = preSolution
		HideSolutionNode = FALSE
	EndGlobalSection
	GlobalSection(ExtensibilityGlobals) = postSolution
		SolutionGuid = {576FD071-6916-43D1-BAD3-B7914F70D5FD}
	EndGlobalSection
EndGlobal
